
Microsoft Visual Studio Solution File, Format Version 12.00
# Visual Studio Version 17
VisualStudioVersion = 17.0.31903.59
MinimumVisualStudioVersion = 10.0.40219.1
Project("{2150E333-8FDC-42A3-9474-1A3956D46DE8}") = "Source", "Source", "{71D2ACC3-D624-4F34-8F1B-4FC6231CD474}"
EndProject
Project("{FAE04EC0-301F-11D3-BF4B-00C04F79EFBC}") = "Padutronics.Formatting.Ranges.DependencyInjection", "Source\Padutronics.Formatting.Ranges.DependencyInjection\Padutronics.Formatting.Ranges.DependencyInjection.csproj", "{CA88E1F1-BCC2-4E7A-A1E2-2574A522BAF8}"
EndProject
Global
	GlobalSection(SolutionConfigurationPlatforms) = preSolution
		Debug|Any CPU = Debug|Any CPU
		Release|Any CPU = Release|Any CPU
	EndGlobalSection
	GlobalSection(SolutionProperties) = preSolution
		HideSolutionNode = FALSE
	EndGlobalSection
	GlobalSection(ProjectConfigurationPlatforms) = postSolution
		{CA88E1F1-BCC2-4E7A-A1E2-2574A522BAF8}.Debug|Any CPU.ActiveCfg = Debug|Any CPU
		{CA88E1F1-BCC2-4E7A-A1E2-2574A522BAF8}.Debug|Any CPU.Build.0 = Debug|Any CPU
		{CA88E1F1-BCC2-4E7A-A1E2-2574A522BAF8}.Release|Any CPU.ActiveCfg = Release|Any CPU
		{CA88E1F1-BCC2-4E7A-A1E2-2574A522BAF8}.Release|Any CPU.Build.0 = Release|Any CPU
	EndGlobalSection
	GlobalSection(NestedProjects) = preSolution
		{CA88E1F1-BCC2-4E7A-A1E2-2574A522BAF8} = {71D2ACC3-D624-4F34-8F1B-4FC6231CD474}
	EndGlobalSection
EndGlobal
